
Microsoft Visual Studio Solution File, Format Version 12.00
# Visual Studio Version 16
VisualStudioVersion = 16.0.29326.143
MinimumVisualStudioVersion = 10.0.40219.1
Project("{FAE04EC0-301F-11D3-BF4B-00C04F79EFBC}") = "var22bd", "var22bd\var22bd.csproj", "{730B886B-475E-4D5D-B245-AB2F36E1DF55}"
EndProject
Global
	GlobalSection(SolutionConfigurationPlatforms) = preSolution
		Debug|Any CPU = Debug|Any CPU
		Release|Any CPU = Release|Any CPU
	EndGlobalSection
	GlobalSection(ProjectConfigurationPlatforms) = postSolution
		{730B886B-475E-4D5D-B245-AB2F36E1DF55}.Debug|Any CPU.ActiveCfg = Debug|Any CPU
		{730B886B-475E-4D5D-B245-AB2F36E1DF55}.Debug|Any CPU.Build.0 = Debug|Any CPU
		{730B886B-475E-4D5D-B245-AB2F36E1DF55}.Release|Any CPU.ActiveCfg = Release|Any CPU
		{730B886B-475E-4D5D-B245-AB2F36E1DF55}.Release|Any CPU.Build.0 = Release|Any CPU
	EndGlobalSection
	GlobalSection(SolutionProperties) = preSolution
		HideSolutionNode = FALSE
	EndGlobalSection
	GlobalSection(ExtensibilityGlobals) = postSolution
		SolutionGuid = {D67BF3E0-A87B-4F05-B8E5-7C8A2DFC9924}
	EndGlobalSection
EndGlobal
